<?xml version="1.0" encoding="utf-8"?>
<Project ToolsVersion="4.0" xmlns="http://schemas.microsoft.com/developer/msbuild/2003">
  <ItemGroup>
    <Filter Include="Source Files">
      <UniqueIdentifier>{4FC737F1-C7A5-4376-A066-2A32D752A2FF}</UniqueIdentifier>
      <Extensions>cpp;c;cc;cxx;c++;cppm;ixx;def;odl;idl;hpj;bat;asm;asmx</Extensions>
    </Filter>
    <Filter Include="Header Files">
      <UniqueIdentifier>{93995380-89BD-4b04-88EB-625FBE52EBFB}</UniqueIdentifier>
      <Extensions>h;hh;hpp;hxx;h++;hm;inl;inc;ipp;xsd</Extensions>
    </Filter>
    <Filter Include="Resource Files">
      <UniqueIdentifier>{67DA6AB6-F800-4c08-8B7A-83BB121AAD01}</UniqueIdentifier>
      <Extensions>rc;ico;cur;bmp;dlg;rc2;rct;bin;rgs;gif;jpg;jpeg;jpe;resx;tiff;tif;png;wav;mfcribbon-ms</Extensions>
    </Filter>
  </ItemGroup>
  <ItemGroup>
    <ClCompile Include="main.cpp">
      <Filter>Source Files</Filter>
    </ClCompile>
    <ClCompile Include="pch.cpp">
      <Filter>Source Files</Filter>
    </ClCompile>
    <ClCompile Include="SRAC\Animations\Animation.cpp">
      <Filter>Source Files</Filter>
    </ClCompile>
    <ClCompile Include="SRAC\Animations\AnimationReader.cpp">
      <Filter>Source Files</Filter>
    </ClCompile>
    <ClCompile Include="SRAC\Animations\Animator.cpp">
      <Filter>Source Files</Filter>
    </ClCompile>
    <ClCompile Include="SRAC\Audio\Audio.cpp">
      <Filter>Source Files</Filter>
    </ClCompile>
    <ClCompile Include="SRAC\Audio\AudioManager.cpp">
      <Filter>Source Files</Filter>
    </ClCompile>
    <ClCompile Include="SRAC\Audio\Channel.cpp">
      <Filter>Source Files</Filter>
    </ClCompile>
    <ClCompile Include="SRAC\Audio\SoundController.cpp">
      <Filter>Source Files</Filter>
    </ClCompile>
    <ClCompile Include="SRAC\ECS\Components\Collider.cpp">
      <Filter>Source Files</Filter>
    </ClCompile>
    <ClCompile Include="SRAC\Physics\QuadCollider.cpp">
      <Filter>Source Files</Filter>
    </ClCompile>
    <ClCompile Include="SRAC\Debugging\DebugDraw.cpp">
      <Filter>Source Files</Filter>
    </ClCompile>
    <ClCompile Include="SRAC\Debugging\FrameRateController.cpp">
      <Filter>Source Files</Filter>
    </ClCompile>
    <ClCompile Include="SRAC\Debugging\Logging.cpp">
      <Filter>Source Files</Filter>
    </ClCompile>
    <ClCompile Include="SRAC\Debugging\MapDebugging.cpp">
      <Filter>Source Files</Filter>
    </ClCompile>
    <ClCompile Include="SRAC\Debugging\MemTrack.cpp">
      <Filter>Source Files</Filter>
    </ClCompile>
    <ClCompile Include="SRAC\Debugging\PerformanceProfiler.cpp">
      <Filter>Source Files</Filter>
    </ClCompile>
    <ClCompile Include="SRAC\Debugging\UIEditor.cpp">
      <Filter>Source Files</Filter>
    </ClCompile>
    <ClCompile Include="SRAC\Events\Dispatcher.cpp">
      <Filter>Source Files</Filter>
    </ClCompile>
    <ClCompile Include="SRAC\Game\Camera\Camera.cpp">
      <Filter>Source Files</Filter>
    </ClCompile>
    <ClCompile Include="SRAC\Game\Camera\CameraShake.cpp">
      <Filter>Source Files</Filter>
    </ClCompile>
    <ClCompile Include="SRAC\Game\Data\GameData.cpp">
      <Filter>Source Files</Filter>
    </ClCompile>
    <ClCompile Include="SRAC\Game\Data\LoadingBar.cpp">
      <Filter>Source Files</Filter>
    </ClCompile>
    <ClCompile Include="SRAC\Game\Data\LoadingManager.cpp">
      <Filter>Source Files</Filter>
    </ClCompile>
    <ClCompile Include="GameSource\GameStates\GameState.cpp">
      <Filter>Source Files</Filter>
    </ClCompile>
    <ClCompile Include="GameSource\GameStates\PauseState.cpp">
      <Filter>Source Files</Filter>
    </ClCompile>
    <ClCompile Include="GameSource\GameStates\PreGameState.cpp">
      <Filter>Source Files</Filter>
    </ClCompile>
    <ClCompile Include="SRAC\Game\GameController.cpp">
      <Filter>Source Files</Filter>
    </ClCompile>
    <ClCompile Include="SRAC\Game\GameSetup.cpp">
      <Filter>Source Files</Filter>
    </ClCompile>
    <ClCompile Include="SRAC\Graphics\Renderer.cpp">
      <Filter>Source Files</Filter>
    </ClCompile>
    <ClCompile Include="SRAC\Graphics\RenderManager.cpp">
      <Filter>Source Files</Filter>
    </ClCompile>
    <ClCompile Include="SRAC\Graphics\RenderPacket.cpp">
      <Filter>Source Files</Filter>
    </ClCompile>
    <ClCompile Include="SRAC\Graphics\Texture.cpp">
      <Filter>Source Files</Filter>
    </ClCompile>
    <ClCompile Include="SRAC\Graphics\TextureManager.cpp">
      <Filter>Source Files</Filter>
    </ClCompile>
    <ClCompile Include="SRAC\Graphics\TextureMap.cpp">
      <Filter>Source Files</Filter>
    </ClCompile>
    <ClCompile Include="SRAC\Graphics\TileSet.cpp">
      <Filter>Source Files</Filter>
    </ClCompile>
    <ClCompile Include="SRAC\Input\Button.cpp">
      <Filter>Source Files</Filter>
    </ClCompile>
    <ClCompile Include="SRAC\Input\Cursor.cpp">
      <Filter>Source Files</Filter>
    </ClCompile>
    <ClCompile Include="SRAC\Input\InputManager.cpp">
      <Filter>Source Files</Filter>
    </ClCompile>
    <ClCompile Include="SRAC\Physics\Physics.cpp">
      <Filter>Source Files</Filter>
    </ClCompile>
    <ClCompile Include="SRAC\System\Files\FileManager.cpp">
      <Filter>Source Files</Filter>
    </ClCompile>
    <ClCompile Include="SRAC\System\Files\StatReader.cpp">
      <Filter>Source Files</Filter>
    </ClCompile>
    <ClCompile Include="SRAC\System\Files\TextFileReader.cpp">
      <Filter>Source Files</Filter>
    </ClCompile>
    <ClCompile Include="SRAC\System\Files\XMLNode.cpp">
      <Filter>Source Files</Filter>
    </ClCompile>
    <ClCompile Include="SRAC\System\Files\XMLParser.cpp">
      <Filter>Source Files</Filter>
    </ClCompile>
    <ClCompile Include="SRAC\System\Window.cpp">
      <Filter>Source Files</Filter>
    </ClCompile>
    <ClCompile Include="SRAC\UI\Elements\UIBox.cpp">
      <Filter>Source Files</Filter>
    </ClCompile>
    <ClCompile Include="SRAC\UI\Elements\UIButton.cpp">
      <Filter>Source Files</Filter>
    </ClCompile>
    <ClCompile Include="SRAC\UI\Elements\UIElement.cpp">
      <Filter>Source Files</Filter>
    </ClCompile>
    <ClCompile Include="SRAC\UI\Elements\UISlider.cpp">
      <Filter>Source Files</Filter>
    </ClCompile>
    <ClCompile Include="SRAC\UI\Elements\UISwitch.cpp">
      <Filter>Source Files</Filter>
    </ClCompile>
    <ClCompile Include="SRAC\UI\Elements\UITextBox.cpp">
      <Filter>Source Files</Filter>
    </ClCompile>
    <ClCompile Include="SRAC\UI\Elements\UIWindow.cpp">
      <Filter>Source Files</Filter>
    </ClCompile>
    <ClCompile Include="SRAC\UI\Screens\GameOverScreen.cpp">
      <Filter>Source Files</Filter>
    </ClCompile>
    <ClCompile Include="SRAC\UI\Screens\GameScreen.cpp">
      <Filter>Source Files</Filter>
    </ClCompile>
    <ClCompile Include="SRAC\UI\Screens\LoadingScreen.cpp">
      <Filter>Source Files</Filter>
    </ClCompile>
    <ClCompile Include="SRAC\UI\Screens\PauseScreen.cpp">
      <Filter>Source Files</Filter>
    </ClCompile>
    <ClCompile Include="SRAC\UI\Screens\PopupScreen.cpp">
      <Filter>Source Files</Filter>
    </ClCompile>
    <ClCompile Include="SRAC\UI\Screens\Screen.cpp">
      <Filter>Source Files</Filter>
    </ClCompile>
    <ClCompile Include="SRAC\UI\Screens\SettingsScreen.cpp">
      <Filter>Source Files</Filter>
    </ClCompile>
    <ClCompile Include="SRAC\UI\Text\Font.cpp">
      <Filter>Source Files</Filter>
    </ClCompile>
    <ClCompile Include="SRAC\UI\Text\Text.cpp">
      <Filter>Source Files</Filter>
    </ClCompile>
    <ClCompile Include="SRAC\UI\ScreenController.cpp">
      <Filter>Source Files</Filter>
    </ClCompile>
    <ClCompile Include="SRAC\UI\ScreenLayers.cpp">
      <Filter>Source Files</Filter>
    </ClCompile>
    <ClCompile Include="SRAC\UI\UIEventHandler.cpp">
      <Filter>Source Files</Filter>
    </ClCompile>
    <ClCompile Include="SRAC\UI\UIManager.cpp">
      <Filter>Source Files</Filter>
    </ClCompile>
    <ClCompile Include="SRAC\Core\Maps\PropertyMap.cpp">
      <Filter>Source Files</Filter>
    </ClCompile>
    <ClCompile Include="SRAC\Core\Maps\StringMap.cpp">
      <Filter>Source Files</Filter>
    </ClCompile>
    <ClCompile Include="SRAC\Core\BasicString.cpp">
      <Filter>Source Files</Filter>
    </ClCompile>
    <ClCompile Include="SRAC\Core\Buffer.cpp">
      <Filter>Source Files</Filter>
    </ClCompile>
    <ClCompile Include="SRAC\Core\Helpers.cpp">
      <Filter>Source Files</Filter>
    </ClCompile>
    <ClCompile Include="SRAC\Core\NSISFileOutput.cpp">
      <Filter>Source Files</Filter>
    </ClCompile>
    <ClCompile Include="SRAC\Core\Property.cpp">
      <Filter>Source Files</Filter>
    </ClCompile>
    <ClCompile Include="SRAC\Core\Colour.cpp">
      <Filter>Source Files</Filter>
    </ClCompile>
    <ClCompile Include="SRAC\Graphics\Renderable.cpp">
      <Filter>Source Files</Filter>
    </ClCompile>
    <ClCompile Include="SRAC\Game\SystemStateManager.cpp">
      <Filter>Source Files</Filter>
    </ClCompile>
    <ClCompile Include="SRAC\System\Files\Config.cpp">
      <Filter>Source Files</Filter>
    </ClCompile>
    <ClCompile Include="SRAC\System\Files\ConfigManager.cpp">
      <Filter>Source Files</Filter>
    </ClCompile>
    <ClCompile Include="SRAC\UI\Screens\MainMenuScreen.cpp">
      <Filter>Source Files</Filter>
    </ClCompile>
    <ClCompile Include="SRAC\Game\GameStates\StartupState.cpp">
      <Filter>Source Files</Filter>
    </ClCompile>
    <ClCompile Include="SRAC\Core\TypeDefs.cpp">
      <Filter>Source Files</Filter>
    </ClCompile>
    <ClCompile Include="SRAC\Core\StringBuffers.cpp">
      <Filter>Source Files</Filter>
    </ClCompile>
    <ClCompile Include="SRAC\Core\Maths.cpp">
      <Filter>Source Files</Filter>
    </ClCompile>
    <ClCompile Include="SRAC\ECS\EntityManager.cpp">
      <Filter>Source Files</Filter>
    </ClCompile>
    <ClCompile Include="GameSource\ECS\EntSystems\RenderSystem.cpp">
      <Filter>Source Files</Filter>
    </ClCompile>
    <ClCompile Include="GameSource\ECS\EntSystems\PlayerInputSystem.cpp">
      <Filter>Source Files</Filter>
    </ClCompile>
    <ClCompile Include="GameSource\ECS\EntSystems\MovementSystem.cpp">
      <Filter>Source Files</Filter>
    </ClCompile>
    <ClCompile Include="GameSource\Configs.cpp">
      <Filter>Source Files</Filter>
    </ClCompile>
    <ClCompile Include="GameSource\ECS\EntSystems\AnimationSystem.cpp">
      <Filter>Source Files</Filter>
    </ClCompile>
    <ClCompile Include="SRAC\ThirdParty\imgui-master\src\imgui_impl_sdl2.cpp">
      <Filter>Source Files</Filter>
    </ClCompile>
    <ClCompile Include="SRAC\ThirdParty\imgui-master\src\imgui_impl_sdlrenderer2.cpp">
      <Filter>Source Files</Filter>
    </ClCompile>
    <ClCompile Include="SRAC\ThirdParty\imgui-master\imgui.cpp">
      <Filter>Source Files</Filter>
    </ClCompile>
    <ClCompile Include="SRAC\ThirdParty\imgui-master\imgui_demo.cpp">
      <Filter>Source Files</Filter>
    </ClCompile>
    <ClCompile Include="SRAC\ThirdParty\imgui-master\imgui_draw.cpp">
      <Filter>Source Files</Filter>
    </ClCompile>
    <ClCompile Include="SRAC\ThirdParty\imgui-master\imgui_tables.cpp">
      <Filter>Source Files</Filter>
    </ClCompile>
    <ClCompile Include="SRAC\ThirdParty\imgui-master\imgui_widgets.cpp">
      <Filter>Source Files</Filter>
    </ClCompile>
    <ClCompile Include="SRAC\ThirdParty\imgui_sdl-master\imgui_sdl.cpp">
      <Filter>Source Files</Filter>
    </ClCompile>
    <ClCompile Include="SRAC\Debugging\ImGui\ImGuiMenu.cpp">
      <Filter>Source Files</Filter>
    </ClCompile>
    <ClCompile Include="SRAC\Debugging\ImGui\Components\AnimationDebugMenu.cpp">
      <Filter>Source Files</Filter>
    </ClCompile>
    <ClCompile Include="SRAC\Debugging\ImGui\ImGuiMainWindows.cpp">
      <Filter>Source Files</Filter>
    </ClCompile>
    <ClCompile Include="SRAC\Debugging\ImGui\Components\TransformDebugMenu.cpp">
      <Filter>Source Files</Filter>
    </ClCompile>
    <ClCompile Include="GameSource\ECS\ComponentsSetup.cpp">
      <Filter>Source Files</Filter>
    </ClCompile>
    <ClCompile Include="GameSource\Character\Player.cpp">
      <Filter>Source Files</Filter>
    </ClCompile>
    <ClCompile Include="SRAC\Scene\SceneParsing\SceneBuilder.cpp">
      <Filter>Source Files</Filter>
    </ClCompile>
    <ClCompile Include="GameSource\ECS\EntSystems\TileMapSystem.cpp">
      <Filter>Source Files</Filter>
    </ClCompile>
    <ClCompile Include="SRAC\Debugging\ImGui\Components\TileMapDebugMenu.cpp">
      <Filter>Source Files</Filter>
    </ClCompile>
    <ClCompile Include="GameSource\ECS\EntSystems\CollisionSystem.cpp">
      <Filter>Source Files</Filter>
    </ClCompile>
  </ItemGroup>
  <ItemGroup>
    <ClInclude Include="pch.h">
      <Filter>Header Files</Filter>
    </ClInclude>
    <ClInclude Include="SRAC\Animations\Animation.h">
      <Filter>Header Files</Filter>
    </ClInclude>
    <ClInclude Include="SRAC\Animations\AnimationReader.h">
      <Filter>Header Files</Filter>
    </ClInclude>
    <ClInclude Include="SRAC\Animations\Animator.h">
      <Filter>Header Files</Filter>
    </ClInclude>
    <ClInclude Include="SRAC\Audio\Audio.h">
      <Filter>Header Files</Filter>
    </ClInclude>
    <ClInclude Include="SRAC\Audio\AudioManager.h">
      <Filter>Header Files</Filter>
    </ClInclude>
    <ClInclude Include="SRAC\Audio\Channel.h">
      <Filter>Header Files</Filter>
    </ClInclude>
    <ClInclude Include="SRAC\Audio\SoundController.h">
      <Filter>Header Files</Filter>
    </ClInclude>
    <ClInclude Include="SRAC\ECS\Components\Collider.h">
      <Filter>Header Files</Filter>
    </ClInclude>
    <ClInclude Include="SRAC\Physics\QuadCollider.h">
      <Filter>Header Files</Filter>
    </ClInclude>
    <ClInclude Include="SRAC\Debugging\DebugDraw.h">
      <Filter>Header Files</Filter>
    </ClInclude>
    <ClInclude Include="SRAC\Debugging\DebugSettings.h">
      <Filter>Header Files</Filter>
    </ClInclude>
    <ClInclude Include="SRAC\Debugging\FrameRateController.h">
      <Filter>Header Files</Filter>
    </ClInclude>
    <ClInclude Include="SRAC\Debugging\Logging.h">
      <Filter>Header Files</Filter>
    </ClInclude>
    <ClInclude Include="SRAC\Debugging\MapDebugging.h">
      <Filter>Header Files</Filter>
    </ClInclude>
    <ClInclude Include="SRAC\Debugging\MemTrack.h">
      <Filter>Header Files</Filter>
    </ClInclude>
    <ClInclude Include="SRAC\Debugging\PerformanceProfiler.h">
      <Filter>Header Files</Filter>
    </ClInclude>
    <ClInclude Include="SRAC\Debugging\UIEditor.h">
      <Filter>Header Files</Filter>
    </ClInclude>
    <ClInclude Include="SRAC\Events\Dispatcher.h">
      <Filter>Header Files</Filter>
    </ClInclude>
    <ClInclude Include="SRAC\Events\Events.h">
      <Filter>Header Files</Filter>
    </ClInclude>
    <ClInclude Include="SRAC\Events\LocalDispatcher.h">
      <Filter>Header Files</Filter>
    </ClInclude>
    <ClInclude Include="SRAC\Events\Observer.h">
      <Filter>Header Files</Filter>
    </ClInclude>
    <ClInclude Include="SRAC\Game\Camera\Camera.h">
      <Filter>Header Files</Filter>
    </ClInclude>
    <ClInclude Include="SRAC\Game\Camera\CameraShake.h">
      <Filter>Header Files</Filter>
    </ClInclude>
    <ClInclude Include="SRAC\Game\Data\GameData.h">
      <Filter>Header Files</Filter>
    </ClInclude>
    <ClInclude Include="SRAC\Game\Data\LoadingBar.h">
      <Filter>Header Files</Filter>
    </ClInclude>
    <ClInclude Include="SRAC\Game\Data\LoadingManager.h">
      <Filter>Header Files</Filter>
    </ClInclude>
    <ClInclude Include="GameSource\GameStates\GameState.h">
      <Filter>Header Files</Filter>
    </ClInclude>
    <ClInclude Include="GameSource\GameStates\PauseState.h">
      <Filter>Header Files</Filter>
    </ClInclude>
    <ClInclude Include="GameSource\GameStates\PreGameState.h">
      <Filter>Header Files</Filter>
    </ClInclude>
    <ClInclude Include="SRAC\Game\GameStates\State.h">
      <Filter>Header Files</Filter>
    </ClInclude>
    <ClInclude Include="SRAC\Game\GameStates\StateMachine.h">
      <Filter>Header Files</Filter>
    </ClInclude>
    <ClInclude Include="SRAC\Game\GameController.h">
      <Filter>Header Files</Filter>
    </ClInclude>
    <ClInclude Include="SRAC\Game\GameSetup.h">
      <Filter>Header Files</Filter>
    </ClInclude>
    <ClInclude Include="SRAC\Graphics\Renderer.h">
      <Filter>Header Files</Filter>
    </ClInclude>
    <ClInclude Include="SRAC\Graphics\RenderManager.h">
      <Filter>Header Files</Filter>
    </ClInclude>
    <ClInclude Include="SRAC\Graphics\RenderPacket.h">
      <Filter>Header Files</Filter>
    </ClInclude>
    <ClInclude Include="SRAC\Graphics\Texture.h">
      <Filter>Header Files</Filter>
    </ClInclude>
    <ClInclude Include="SRAC\Graphics\TextureManager.h">
      <Filter>Header Files</Filter>
    </ClInclude>
    <ClInclude Include="SRAC\Graphics\TextureMap.h">
      <Filter>Header Files</Filter>
    </ClInclude>
    <ClInclude Include="SRAC\Graphics\TileSet.h">
      <Filter>Header Files</Filter>
    </ClInclude>
    <ClInclude Include="SRAC\Input\Button.h">
      <Filter>Header Files</Filter>
    </ClInclude>
    <ClInclude Include="SRAC\Input\Cursor.h">
      <Filter>Header Files</Filter>
    </ClInclude>
    <ClInclude Include="SRAC\Input\InputManager.h">
      <Filter>Header Files</Filter>
    </ClInclude>
    <ClInclude Include="SRAC\Physics\Physics.h">
      <Filter>Header Files</Filter>
    </ClInclude>
    <ClInclude Include="SRAC\rapidxml\Include\rapidxml.hpp">
      <Filter>Header Files</Filter>
    </ClInclude>
    <ClInclude Include="SRAC\rapidxml\Include\rapidxml_iterators.hpp">
      <Filter>Header Files</Filter>
    </ClInclude>
    <ClInclude Include="SRAC\rapidxml\Include\rapidxml_print.hpp">
      <Filter>Header Files</Filter>
    </ClInclude>
    <ClInclude Include="SRAC\rapidxml\Include\rapidxml_utils.hpp">
      <Filter>Header Files</Filter>
    </ClInclude>
    <ClInclude Include="SRAC\System\Files\FileManager.h">
      <Filter>Header Files</Filter>
    </ClInclude>
    <ClInclude Include="SRAC\System\Files\StatReader.h">
      <Filter>Header Files</Filter>
    </ClInclude>
    <ClInclude Include="SRAC\System\Files\TextFileReader.h">
      <Filter>Header Files</Filter>
    </ClInclude>
    <ClInclude Include="SRAC\System\Files\XMLNode.h">
      <Filter>Header Files</Filter>
    </ClInclude>
    <ClInclude Include="SRAC\System\Files\XMLParser.h">
      <Filter>Header Files</Filter>
    </ClInclude>
    <ClInclude Include="SRAC\System\Window.h">
      <Filter>Header Files</Filter>
    </ClInclude>
    <ClInclude Include="SRAC\UI\Elements\UIBox.h">
      <Filter>Header Files</Filter>
    </ClInclude>
    <ClInclude Include="SRAC\UI\Elements\UIButton.h">
      <Filter>Header Files</Filter>
    </ClInclude>
    <ClInclude Include="SRAC\UI\Elements\UIElement.h">
      <Filter>Header Files</Filter>
    </ClInclude>
    <ClInclude Include="SRAC\UI\Elements\UISlider.h">
      <Filter>Header Files</Filter>
    </ClInclude>
    <ClInclude Include="SRAC\UI\Elements\UISwitch.h">
      <Filter>Header Files</Filter>
    </ClInclude>
    <ClInclude Include="SRAC\UI\Elements\UITextBox.h">
      <Filter>Header Files</Filter>
    </ClInclude>
    <ClInclude Include="SRAC\UI\Elements\UIWindow.h">
      <Filter>Header Files</Filter>
    </ClInclude>
    <ClInclude Include="SRAC\UI\Screens\GameOverScreen.h">
      <Filter>Header Files</Filter>
    </ClInclude>
    <ClInclude Include="SRAC\UI\Screens\GameScreen.h">
      <Filter>Header Files</Filter>
    </ClInclude>
    <ClInclude Include="SRAC\UI\Screens\LoadingScreen.h">
      <Filter>Header Files</Filter>
    </ClInclude>
    <ClInclude Include="SRAC\UI\Screens\PauseScreen.h">
      <Filter>Header Files</Filter>
    </ClInclude>
    <ClInclude Include="SRAC\UI\Screens\PopupScreen.h">
      <Filter>Header Files</Filter>
    </ClInclude>
    <ClInclude Include="SRAC\UI\Screens\Screen.h">
      <Filter>Header Files</Filter>
    </ClInclude>
    <ClInclude Include="SRAC\UI\Screens\ScreenHeaders.h">
      <Filter>Header Files</Filter>
    </ClInclude>
    <ClInclude Include="SRAC\UI\Screens\SettingsScreen.h">
      <Filter>Header Files</Filter>
    </ClInclude>
    <ClInclude Include="SRAC\UI\Text\Font.h">
      <Filter>Header Files</Filter>
    </ClInclude>
    <ClInclude Include="SRAC\UI\Text\Text.h">
      <Filter>Header Files</Filter>
    </ClInclude>
    <ClInclude Include="SRAC\UI\ScreenController.h">
      <Filter>Header Files</Filter>
    </ClInclude>
    <ClInclude Include="SRAC\UI\ScreenLayers.h">
      <Filter>Header Files</Filter>
    </ClInclude>
    <ClInclude Include="SRAC\UI\ScreenTypes.h">
      <Filter>Header Files</Filter>
    </ClInclude>
    <ClInclude Include="SRAC\UI\UIEventHandler.h">
      <Filter>Header Files</Filter>
    </ClInclude>
    <ClInclude Include="SRAC\UI\UIManager.h">
      <Filter>Header Files</Filter>
    </ClInclude>
    <ClInclude Include="SRAC\Core\Maps\PropertyMap.h">
      <Filter>Header Files</Filter>
    </ClInclude>
    <ClInclude Include="SRAC\Core\Maps\StringMap.h">
      <Filter>Header Files</Filter>
    </ClInclude>
    <ClInclude Include="SRAC\Core\BasicString.h">
      <Filter>Header Files</Filter>
    </ClInclude>
    <ClInclude Include="SRAC\Core\Buffer.h">
      <Filter>Header Files</Filter>
    </ClInclude>
    <ClInclude Include="SRAC\Core\Grid.h">
      <Filter>Header Files</Filter>
    </ClInclude>
    <ClInclude Include="SRAC\Core\Helpers.h">
      <Filter>Header Files</Filter>
    </ClInclude>
    <ClInclude Include="SRAC\Core\LinkedList.h">
      <Filter>Header Files</Filter>
    </ClInclude>
    <ClInclude Include="SRAC\Core\NSISFileOutput.h">
      <Filter>Header Files</Filter>
    </ClInclude>
    <ClInclude Include="SRAC\Core\ObjectPool.h">
      <Filter>Header Files</Filter>
    </ClInclude>
    <ClInclude Include="SRAC\Core\Property.h">
      <Filter>Header Files</Filter>
    </ClInclude>
    <ClInclude Include="SRAC\Core\Quad2D.h">
      <Filter>Header Files</Filter>
    </ClInclude>
    <ClInclude Include="SRAC\Core\Queue.h">
      <Filter>Header Files</Filter>
    </ClInclude>
    <ClInclude Include="SRAC\Core\Rect.h">
      <Filter>Header Files</Filter>
    </ClInclude>
    <ClInclude Include="SRAC\Core\Colour.h">
      <Filter>Header Files</Filter>
    </ClInclude>
    <ClInclude Include="SRAC\Core\RingBuffer.h">
      <Filter>Header Files</Filter>
    </ClInclude>
    <ClInclude Include="SRAC\Core\Timer.h">
      <Filter>Header Files</Filter>
    </ClInclude>
    <ClInclude Include="SRAC\Core\UniqueQueue.h">
      <Filter>Header Files</Filter>
    </ClInclude>
    <ClInclude Include="SRAC\Core\Vector2D.h">
      <Filter>Header Files</Filter>
    </ClInclude>
    <ClInclude Include="SRAC\Graphics\Renderable.h">
      <Filter>Header Files</Filter>
    </ClInclude>
    <ClInclude Include="SRAC\Game\SystemStateManager.h">
      <Filter>Header Files</Filter>
    </ClInclude>
    <ClInclude Include="SRAC\System\Files\Config.h">
      <Filter>Header Files</Filter>
    </ClInclude>
    <ClInclude Include="SRAC\System\Files\ConfigManager.h">
      <Filter>Header Files</Filter>
    </ClInclude>
    <ClInclude Include="SRAC\UI\Screens\MainMenuScreen.h">
      <Filter>Header Files</Filter>
    </ClInclude>
    <ClInclude Include="SRAC\Game\GameStates\StartupState.h">
      <Filter>Header Files</Filter>
    </ClInclude>
    <ClInclude Include="SRAC\Core\TypeDefs.h">
      <Filter>Header Files</Filter>
    </ClInclude>
    <ClInclude Include="SRAC\Core\StringBuffers.h">
      <Filter>Header Files</Filter>
    </ClInclude>
    <ClInclude Include="SRAC\Core\Maths.h">
      <Filter>Header Files</Filter>
    </ClInclude>
    <ClInclude Include="GameSource\ECS\Components.h">
      <Filter>Header Files</Filter>
    </ClInclude>
    <ClInclude Include="SRAC\ECS\EntityManager.h">
      <Filter>Header Files</Filter>
    </ClInclude>
    <ClInclude Include="SRAC\ECS\ComponentArray.h">
      <Filter>Header Files</Filter>
    </ClInclude>
    <ClInclude Include="SRAC\ECS\EntityCommon.h">
      <Filter>Header Files</Filter>
    </ClInclude>
    <ClInclude Include="SRAC\ECS\ComponentManager.h">
      <Filter>Header Files</Filter>
    </ClInclude>
    <ClInclude Include="GameSource\ECS\EntSystems\RenderSystem.h">
      <Filter>Header Files</Filter>
    </ClInclude>
    <ClInclude Include="SRAC\ECS\SystemManager.h">
      <Filter>Header Files</Filter>
    </ClInclude>
    <ClInclude Include="SRAC\ECS\EntityCoordinator.h">
      <Filter>Header Files</Filter>
    </ClInclude>
    <ClInclude Include="GameSource\ECS\EntSystems\PlayerInputSystem.h">
      <Filter>Header Files</Filter>
    </ClInclude>
    <ClInclude Include="SRAC\Animations\AnimationStates.h">
      <Filter>Header Files</Filter>
    </ClInclude>
    <ClInclude Include="GameSource\ECS\EntSystems\MovementSystem.h">
      <Filter>Header Files</Filter>
    </ClInclude>
    <ClInclude Include="GameSource\Configs.h">
      <Filter>Header Files</Filter>
    </ClInclude>
    <ClInclude Include="GameSource\ECS\EntSystems\AnimationSystem.h">
      <Filter>Header Files</Filter>
    </ClInclude>
    <ClInclude Include="SRAC\ThirdParty\imgui-master\src\imgui_impl_sdlrenderer2.h">
      <Filter>Header Files</Filter>
    </ClInclude>
    <ClInclude Include="SRAC\ThirdParty\imgui-master\src\imgui_impl_sdl2.h">
      <Filter>Header Files</Filter>
    </ClInclude>
    <ClInclude Include="SRAC\ThirdParty\imgui-master\imstb_truetype.h">
      <Filter>Header Files</Filter>
    </ClInclude>
    <ClInclude Include="SRAC\ThirdParty\imgui-master\imconfig.h">
      <Filter>Header Files</Filter>
    </ClInclude>
    <ClInclude Include="SRAC\ThirdParty\imgui-master\imgui.h">
      <Filter>Header Files</Filter>
    </ClInclude>
    <ClInclude Include="SRAC\ThirdParty\imgui-master\imgui_internal.h">
      <Filter>Header Files</Filter>
    </ClInclude>
    <ClInclude Include="SRAC\ThirdParty\imgui-master\imstb_rectpack.h">
      <Filter>Header Files</Filter>
    </ClInclude>
    <ClInclude Include="SRAC\ThirdParty\imgui-master\imstb_textedit.h">
      <Filter>Header Files</Filter>
    </ClInclude>
    <ClInclude Include="SRAC\ThirdParty\imgui_sdl-master\imgui_sdl.h">
      <Filter>Header Files</Filter>
    </ClInclude>
    <ClInclude Include="SRAC\Debugging\ImGui\ImGuiMenu.h">
      <Filter>Header Files</Filter>
    </ClInclude>
    <ClInclude Include="SRAC\Debugging\ImGui\Components\AnimationDebugMenu.h">
      <Filter>Header Files</Filter>
    </ClInclude>
    <ClInclude Include="SRAC\Debugging\ImGui\ImGuiMainWindows.h">
      <Filter>Header Files</Filter>
    </ClInclude>
    <ClInclude Include="SRAC\Debugging\ImGui\ImGuiHelpers.h">
      <Filter>Header Files</Filter>
    </ClInclude>
    <ClInclude Include="SRAC\Debugging\ImGui\Components\TransformDebugMenu.h">
      <Filter>Header Files</Filter>
    </ClInclude>
    <ClInclude Include="GameSource\ECS\ComponentsSetup.h">
      <Filter>Header Files</Filter>
    </ClInclude>
    <ClInclude Include="GameSource\Character\Player.h">
      <Filter>Header Files</Filter>
    </ClInclude>
    <ClInclude Include="SRAC\Scene\SceneParsing\SceneBuilder.h">
      <Filter>Header Files</Filter>
    </ClInclude>
    <ClInclude Include="GameSource\ECS\EntSystems\TileMapSystem.h">
      <Filter>Header Files</Filter>
    </ClInclude>
    <ClInclude Include="SRAC\ThirdParty\rapidxml\Include\rapidxml.hpp">
      <Filter>Header Files</Filter>
    </ClInclude>
    <ClInclude Include="SRAC\ThirdParty\rapidxml\Include\rapidxml_iterators.hpp">
      <Filter>Header Files</Filter>
    </ClInclude>
    <ClInclude Include="SRAC\ThirdParty\rapidxml\Include\rapidxml_print.hpp">
      <Filter>Header Files</Filter>
    </ClInclude>
    <ClInclude Include="SRAC\ThirdParty\rapidxml\Include\rapidxml_utils.hpp">
      <Filter>Header Files</Filter>
    </ClInclude>
    <ClInclude Include="SRAC\Debugging\ImGui\Components\TileMapDebugMenu.h">
      <Filter>Header Files</Filter>
    </ClInclude>
    <ClInclude Include="GameSource\ECS\EntSystems\CollisionSystem.h">
      <Filter>Header Files</Filter>
    </ClInclude>
  </ItemGroup>
  <ItemGroup>
    <Text Include="Resources\Credits.txt" />
  </ItemGroup>
</Project>